
Microsoft Visual Studio Solution File, Format Version 12.00
# Visual Studio 15
VisualStudioVersion = 15.0.27703.2035
MinimumVisualStudioVersion = 10.0.40219.1
Project("{2150E333-8FDC-42A3-9474-1A3956D46DE8}") = "Components", "Components", "{5822EA27-96BD-4CF8-810F-8FEA2D4CD42E}"
EndProject
Project("{2150E333-8FDC-42A3-9474-1A3956D46DE8}") = "Test", "Test", "{42464F2B-047E-47DD-A1B5-F4709A98F3F2}"
EndProject
Project("{9A19103F-16F7-4668-BE54-9A1E7A4F7556}") = "Hayaa.RPC.Service", "Hayaa.RPC\Hayaa.RPC.Service.csproj", "{4068E482-F20C-496F-8A6F-EE6C5C2084E8}"
EndProject
Project("{FAE04EC0-301F-11D3-BF4B-00C04F79EFBC}") = "ClassLibrary1", "ClassLibrary1\ClassLibrary1.csproj", "{6FE74DFF-18F5-46B9-96C1-9270CE82B54B}"
EndProject
Project("{FAE04EC0-301F-11D3-BF4B-00C04F79EFBC}") = "XUnitTestProject1", "XUnitTestProject1\XUnitTestProject1.csproj", "{E73EF857-AF86-4464-A0F3-7999B9E0BA70}"
EndProject
Global
	GlobalSection(SolutionConfigurationPlatforms) = preSolution
		Debug|Any CPU = Debug|Any CPU
		Release|Any CPU = Release|Any CPU
	EndGlobalSection
	GlobalSection(ProjectConfigurationPlatforms) = postSolution
		{4068E482-F20C-496F-8A6F-EE6C5C2084E8}.Debug|Any CPU.ActiveCfg = Debug|Any CPU
		{4068E482-F20C-496F-8A6F-EE6C5C2084E8}.Debug|Any CPU.Build.0 = Debug|Any CPU
		{4068E482-F20C-496F-8A6F-EE6C5C2084E8}.Release|Any CPU.ActiveCfg = Release|Any CPU
		{4068E482-F20C-496F-8A6F-EE6C5C2084E8}.Release|Any CPU.Build.0 = Release|Any CPU
		{6FE74DFF-18F5-46B9-96C1-9270CE82B54B}.Debug|Any CPU.ActiveCfg = Debug|Any CPU
		{6FE74DFF-18F5-46B9-96C1-9270CE82B54B}.Debug|Any CPU.Build.0 = Debug|Any CPU
		{6FE74DFF-18F5-46B9-96C1-9270CE82B54B}.Release|Any CPU.ActiveCfg = Release|Any CPU
		{6FE74DFF-18F5-46B9-96C1-9270CE82B54B}.Release|Any CPU.Build.0 = Release|Any CPU
		{E73EF857-AF86-4464-A0F3-7999B9E0BA70}.Debug|Any CPU.ActiveCfg = Debug|Any CPU
		{E73EF857-AF86-4464-A0F3-7999B9E0BA70}.Debug|Any CPU.Build.0 = Debug|Any CPU
		{E73EF857-AF86-4464-A0F3-7999B9E0BA70}.Release|Any CPU.ActiveCfg = Release|Any CPU
		{E73EF857-AF86-4464-A0F3-7999B9E0BA70}.Release|Any CPU.Build.0 = Release|Any CPU
	EndGlobalSection
	GlobalSection(SolutionProperties) = preSolution
		HideSolutionNode = FALSE
	EndGlobalSection
	GlobalSection(NestedProjects) = preSolution
		{4068E482-F20C-496F-8A6F-EE6C5C2084E8} = {5822EA27-96BD-4CF8-810F-8FEA2D4CD42E}
		{6FE74DFF-18F5-46B9-96C1-9270CE82B54B} = {5822EA27-96BD-4CF8-810F-8FEA2D4CD42E}
		{E73EF857-AF86-4464-A0F3-7999B9E0BA70} = {42464F2B-047E-47DD-A1B5-F4709A98F3F2}
	EndGlobalSection
	GlobalSection(ExtensibilityGlobals) = postSolution
		SolutionGuid = {ADCE1FB6-60F1-45C6-A4B6-5D9B21500933}
	EndGlobalSection
EndGlobal
