
Microsoft Visual Studio Solution File, Format Version 12.00
# Visual Studio 15
VisualStudioVersion = 15.0.27703.2035
MinimumVisualStudioVersion = 10.0.40219.1
Project("{2150E333-8FDC-42A3-9474-1A3956D46DE8}") = "Components", "Components", "{5822EA27-96BD-4CF8-810F-8FEA2D4CD42E}"
EndProject
Project("{2150E333-8FDC-42A3-9474-1A3956D46DE8}") = "Test", "Test", "{42464F2B-047E-47DD-A1B5-F4709A98F3F2}"
EndProject
Project("{9A19103F-16F7-4668-BE54-9A1E7A4F7556}") = "Hayaa.RPC.Service", "Hayaa.RPC\Hayaa.RPC.Service.csproj", "{4068E482-F20C-496F-8A6F-EE6C5C2084E8}"
EndProject
Project("{9A19103F-16F7-4668-BE54-9A1E7A4F7556}") = "XUnitTestProject1", "XUnitTestProject1\XUnitTestProject1.csproj", "{E73EF857-AF86-4464-A0F3-7999B9E0BA70}"
EndProject
Project("{9A19103F-16F7-4668-BE54-9A1E7A4F7556}") = "Hayaa.NetNio.Service", "Hayaa.NetNio.Service\Hayaa.NetNio.Service.csproj", "{724C5376-DBD7-4B37-A370-A3D337340E13}"
EndProject
Project("{9A19103F-16F7-4668-BE54-9A1E7A4F7556}") = "ClassLibrary1", "ClassLibrary1\ClassLibrary1.csproj", "{4495D196-546E-4B76-94B9-2BBD26BEA905}"
EndProject
Project("{FAE04EC0-301F-11D3-BF4B-00C04F79EFBC}") = "ProxyEmitter", "ProxyEmitter\ProxyEmitter.csproj", "{53B77633-41B7-44CA-B848-6186F050AC4A}"
EndProject
Global
	GlobalSection(SolutionConfigurationPlatforms) = preSolution
		Debug|Any CPU = Debug|Any CPU
		Release|Any CPU = Release|Any CPU
	EndGlobalSection
	GlobalSection(ProjectConfigurationPlatforms) = postSolution
		{4068E482-F20C-496F-8A6F-EE6C5C2084E8}.Debug|Any CPU.ActiveCfg = Debug|Any CPU
		{4068E482-F20C-496F-8A6F-EE6C5C2084E8}.Debug|Any CPU.Build.0 = Debug|Any CPU
		{4068E482-F20C-496F-8A6F-EE6C5C2084E8}.Release|Any CPU.ActiveCfg = Release|Any CPU
		{4068E482-F20C-496F-8A6F-EE6C5C2084E8}.Release|Any CPU.Build.0 = Release|Any CPU
		{E73EF857-AF86-4464-A0F3-7999B9E0BA70}.Debug|Any CPU.ActiveCfg = Debug|Any CPU
		{E73EF857-AF86-4464-A0F3-7999B9E0BA70}.Debug|Any CPU.Build.0 = Debug|Any CPU
		{E73EF857-AF86-4464-A0F3-7999B9E0BA70}.Release|Any CPU.ActiveCfg = Release|Any CPU
		{E73EF857-AF86-4464-A0F3-7999B9E0BA70}.Release|Any CPU.Build.0 = Release|Any CPU
		{724C5376-DBD7-4B37-A370-A3D337340E13}.Debug|Any CPU.ActiveCfg = Debug|Any CPU
		{724C5376-DBD7-4B37-A370-A3D337340E13}.Debug|Any CPU.Build.0 = Debug|Any CPU
		{724C5376-DBD7-4B37-A370-A3D337340E13}.Release|Any CPU.ActiveCfg = Release|Any CPU
		{724C5376-DBD7-4B37-A370-A3D337340E13}.Release|Any CPU.Build.0 = Release|Any CPU
		{4495D196-546E-4B76-94B9-2BBD26BEA905}.Debug|Any CPU.ActiveCfg = Debug|Any CPU
		{4495D196-546E-4B76-94B9-2BBD26BEA905}.Debug|Any CPU.Build.0 = Debug|Any CPU
		{4495D196-546E-4B76-94B9-2BBD26BEA905}.Release|Any CPU.ActiveCfg = Release|Any CPU
		{4495D196-546E-4B76-94B9-2BBD26BEA905}.Release|Any CPU.Build.0 = Release|Any CPU
		{53B77633-41B7-44CA-B848-6186F050AC4A}.Debug|Any CPU.ActiveCfg = Debug|Any CPU
		{53B77633-41B7-44CA-B848-6186F050AC4A}.Debug|Any CPU.Build.0 = Debug|Any CPU
		{53B77633-41B7-44CA-B848-6186F050AC4A}.Release|Any CPU.ActiveCfg = Release|Any CPU
		{53B77633-41B7-44CA-B848-6186F050AC4A}.Release|Any CPU.Build.0 = Release|Any CPU
	EndGlobalSection
	GlobalSection(SolutionProperties) = preSolution
		HideSolutionNode = FALSE
	EndGlobalSection
	GlobalSection(NestedProjects) = preSolution
		{4068E482-F20C-496F-8A6F-EE6C5C2084E8} = {5822EA27-96BD-4CF8-810F-8FEA2D4CD42E}
		{E73EF857-AF86-4464-A0F3-7999B9E0BA70} = {42464F2B-047E-47DD-A1B5-F4709A98F3F2}
		{724C5376-DBD7-4B37-A370-A3D337340E13} = {5822EA27-96BD-4CF8-810F-8FEA2D4CD42E}
		{4495D196-546E-4B76-94B9-2BBD26BEA905} = {42464F2B-047E-47DD-A1B5-F4709A98F3F2}
		{53B77633-41B7-44CA-B848-6186F050AC4A} = {5822EA27-96BD-4CF8-810F-8FEA2D4CD42E}
	EndGlobalSection
	GlobalSection(ExtensibilityGlobals) = postSolution
		SolutionGuid = {ADCE1FB6-60F1-45C6-A4B6-5D9B21500933}
	EndGlobalSection
EndGlobal
