
Microsoft Visual Studio Solution File, Format Version 12.00
# Visual Studio 15
VisualStudioVersion = 15.0.28010.2016
MinimumVisualStudioVersion = 10.0.40219.1
Project("{2150E333-8FDC-42A3-9474-1A3956D46DE8}") = "Components", "Components", "{9583336B-825C-4342-9AE1-072E7C09A6B2}"
EndProject
Project("{9A19103F-16F7-4668-BE54-9A1E7A4F7556}") = "Hayaa.RPC.Common", "Hayaa.RPC.Common\Hayaa.RPC.Common.csproj", "{D4A8A4E0-35B7-4951-8ADF-3EC6304702EA}"
EndProject
Project("{2150E333-8FDC-42A3-9474-1A3956D46DE8}") = "Service", "Service", "{0FB71EF8-E138-4719-AAC1-021466D616DC}"
EndProject
Project("{9A19103F-16F7-4668-BE54-9A1E7A4F7556}") = "Hayaa.RPC.Client", "Hayaa.RPC.Client\Hayaa.RPC.Client.csproj", "{56556950-84B9-4A46-8690-C8718807D8B5}"
EndProject
Project("{9A19103F-16F7-4668-BE54-9A1E7A4F7556}") = "Hayaa.RPC.Server", "Hayaa.RPC.Server\Hayaa.RPC.Server.csproj", "{D40A1C7E-B5C9-4857-9218-367776D7B6A5}"
EndProject
Global
	GlobalSection(SolutionConfigurationPlatforms) = preSolution
		Debug|Any CPU = Debug|Any CPU
		Release|Any CPU = Release|Any CPU
	EndGlobalSection
	GlobalSection(ProjectConfigurationPlatforms) = postSolution
		{D4A8A4E0-35B7-4951-8ADF-3EC6304702EA}.Debug|Any CPU.ActiveCfg = Debug|Any CPU
		{D4A8A4E0-35B7-4951-8ADF-3EC6304702EA}.Debug|Any CPU.Build.0 = Debug|Any CPU
		{D4A8A4E0-35B7-4951-8ADF-3EC6304702EA}.Release|Any CPU.ActiveCfg = Release|Any CPU
		{D4A8A4E0-35B7-4951-8ADF-3EC6304702EA}.Release|Any CPU.Build.0 = Release|Any CPU
		{56556950-84B9-4A46-8690-C8718807D8B5}.Debug|Any CPU.ActiveCfg = Debug|Any CPU
		{56556950-84B9-4A46-8690-C8718807D8B5}.Debug|Any CPU.Build.0 = Debug|Any CPU
		{56556950-84B9-4A46-8690-C8718807D8B5}.Release|Any CPU.ActiveCfg = Release|Any CPU
		{56556950-84B9-4A46-8690-C8718807D8B5}.Release|Any CPU.Build.0 = Release|Any CPU
		{D40A1C7E-B5C9-4857-9218-367776D7B6A5}.Debug|Any CPU.ActiveCfg = Debug|Any CPU
		{D40A1C7E-B5C9-4857-9218-367776D7B6A5}.Debug|Any CPU.Build.0 = Debug|Any CPU
		{D40A1C7E-B5C9-4857-9218-367776D7B6A5}.Release|Any CPU.ActiveCfg = Release|Any CPU
		{D40A1C7E-B5C9-4857-9218-367776D7B6A5}.Release|Any CPU.Build.0 = Release|Any CPU
	EndGlobalSection
	GlobalSection(SolutionProperties) = preSolution
		HideSolutionNode = FALSE
	EndGlobalSection
	GlobalSection(NestedProjects) = preSolution
		{D4A8A4E0-35B7-4951-8ADF-3EC6304702EA} = {0FB71EF8-E138-4719-AAC1-021466D616DC}
		{56556950-84B9-4A46-8690-C8718807D8B5} = {0FB71EF8-E138-4719-AAC1-021466D616DC}
		{D40A1C7E-B5C9-4857-9218-367776D7B6A5} = {0FB71EF8-E138-4719-AAC1-021466D616DC}
	EndGlobalSection
	GlobalSection(ExtensibilityGlobals) = postSolution
		SolutionGuid = {7EBF5EEF-AEE2-491A-9331-8823DAF53BA7}
	EndGlobalSection
EndGlobal
